
Microsoft Visual Studio Solution File, Format Version 12.00
# Visual Studio Version 17
VisualStudioVersion = 17.5.33424.131
MinimumVisualStudioVersion = 10.0.40219.1
Project("{8BC9CEB8-8B4A-11D0-8D11-00A0C91BC942}") = "PZ_1", "AzizovAN_4pk2_0104\AzizovAN_4pk2_0104.vcxproj", "{14ADC6EA-E13E-419C-AFB3-7C7CFEB8AE1B}"
EndProject
Project("{FAE04EC0-301F-11D3-BF4B-00C04F79EFBC}") = "PZ_2", "PZ_2\PZ_2.csproj", "{7379A11E-7186-4EFB-A149-8686BD8CCC31}"
EndProject
Global
	GlobalSection(SolutionConfigurationPlatforms) = preSolution
		Debug|Any CPU = Debug|Any CPU
		Debug|x64 = Debug|x64
		Debug|x86 = Debug|x86
		Release|Any CPU = Release|Any CPU
		Release|x64 = Release|x64
		Release|x86 = Release|x86
	EndGlobalSection
	GlobalSection(ProjectConfigurationPlatforms) = postSolution
		{14ADC6EA-E13E-419C-AFB3-7C7CFEB8AE1B}.Debug|Any CPU.ActiveCfg = Debug|x64
		{14ADC6EA-E13E-419C-AFB3-7C7CFEB8AE1B}.Debug|Any CPU.Build.0 = Debug|x64
		{14ADC6EA-E13E-419C-AFB3-7C7CFEB8AE1B}.Debug|x64.ActiveCfg = Debug|x64
		{14ADC6EA-E13E-419C-AFB3-7C7CFEB8AE1B}.Debug|x64.Build.0 = Debug|x64
		{14ADC6EA-E13E-419C-AFB3-7C7CFEB8AE1B}.Debug|x86.ActiveCfg = Debug|Win32
		{14ADC6EA-E13E-419C-AFB3-7C7CFEB8AE1B}.Debug|x86.Build.0 = Debug|Win32
		{14ADC6EA-E13E-419C-AFB3-7C7CFEB8AE1B}.Release|Any CPU.ActiveCfg = Release|x64
		{14ADC6EA-E13E-419C-AFB3-7C7CFEB8AE1B}.Release|Any CPU.Build.0 = Release|x64
		{14ADC6EA-E13E-419C-AFB3-7C7CFEB8AE1B}.Release|x64.ActiveCfg = Release|x64
		{14ADC6EA-E13E-419C-AFB3-7C7CFEB8AE1B}.Release|x64.Build.0 = Release|x64
		{14ADC6EA-E13E-419C-AFB3-7C7CFEB8AE1B}.Release|x86.ActiveCfg = Release|Win32
		{14ADC6EA-E13E-419C-AFB3-7C7CFEB8AE1B}.Release|x86.Build.0 = Release|Win32
		{7379A11E-7186-4EFB-A149-8686BD8CCC31}.Debug|Any CPU.ActiveCfg = Debug|Any CPU
		{7379A11E-7186-4EFB-A149-8686BD8CCC31}.Debug|Any CPU.Build.0 = Debug|Any CPU
		{7379A11E-7186-4EFB-A149-8686BD8CCC31}.Debug|x64.ActiveCfg = Debug|Any CPU
		{7379A11E-7186-4EFB-A149-8686BD8CCC31}.Debug|x64.Build.0 = Debug|Any CPU
		{7379A11E-7186-4EFB-A149-8686BD8CCC31}.Debug|x86.ActiveCfg = Debug|Any CPU
		{7379A11E-7186-4EFB-A149-8686BD8CCC31}.Debug|x86.Build.0 = Debug|Any CPU
		{7379A11E-7186-4EFB-A149-8686BD8CCC31}.Release|Any CPU.ActiveCfg = Release|Any CPU
		{7379A11E-7186-4EFB-A149-8686BD8CCC31}.Release|Any CPU.Build.0 = Release|Any CPU
		{7379A11E-7186-4EFB-A149-8686BD8CCC31}.Release|x64.ActiveCfg = Release|Any CPU
		{7379A11E-7186-4EFB-A149-8686BD8CCC31}.Release|x64.Build.0 = Release|Any CPU
		{7379A11E-7186-4EFB-A149-8686BD8CCC31}.Release|x86.ActiveCfg = Release|Any CPU
		{7379A11E-7186-4EFB-A149-8686BD8CCC31}.Release|x86.Build.0 = Release|Any CPU
	EndGlobalSection
	GlobalSection(SolutionProperties) = preSolution
		HideSolutionNode = FALSE
	EndGlobalSection
	GlobalSection(ExtensibilityGlobals) = postSolution
		SolutionGuid = {560C38F0-A873-417F-BEAD-B73AC048482E}
	EndGlobalSection
EndGlobal
