
Microsoft Visual Studio Solution File, Format Version 12.00
# Visual Studio Version 17
VisualStudioVersion = 17.5.33424.131
MinimumVisualStudioVersion = 10.0.40219.1
Project("{8BC9CEB8-8B4A-11D0-8D11-00A0C91BC942}") = "PZ_1", "AzizovAN_4pk2_0104\AzizovAN_4pk2_0104.vcxproj", "{14ADC6EA-E13E-419C-AFB3-7C7CFEB8AE1B}"
EndProject
Project("{9A19103F-16F7-4668-BE54-9A1E7A4F7556}") = "PZ_2", "PZ_2\PZ_2.csproj", "{7379A11E-7186-4EFB-A149-8686BD8CCC31}"
EndProject
Project("{9A19103F-16F7-4668-BE54-9A1E7A4F7556}") = "PZ_3", "PZ_3\PZ_3.csproj", "{7BB87284-68E3-4423-9378-FD42DD443545}"
EndProject
Project("{9A19103F-16F7-4668-BE54-9A1E7A4F7556}") = "PZ_4", "PZ_4\PZ_4.csproj", "{34A173B2-3C60-4DAE-A71E-808EF859CE1F}"
EndProject
Project("{9A19103F-16F7-4668-BE54-9A1E7A4F7556}") = "PZ_5", "PZ_5\PZ_5.csproj", "{D7EDF933-0675-4D10-9DB4-BDA87D60C2BC}"
EndProject
Project("{FAE04EC0-301F-11D3-BF4B-00C04F79EFBC}") = "PZ_6", "PZ_6\PZ_6.csproj", "{7EC7F8EB-6E9B-4416-A218-03307CF3E6A1}"
EndProject
Project("{9A19103F-16F7-4668-BE54-9A1E7A4F7556}") = "PZ_7", "PZ_7\PZ_7.csproj", "{53F0C9F2-0056-4E86-90E3-0A4073000F5D}"
EndProject
Project("{9A19103F-16F7-4668-BE54-9A1E7A4F7556}") = "PZ_8", "PZ_8\PZ_8.csproj", "{5DEFF8B4-135E-4715-B775-5365FF133BAA}"
EndProject
Project("{9A19103F-16F7-4668-BE54-9A1E7A4F7556}") = "PZ_9", "PZ_9\PZ_9.csproj", "{09F8D43C-AE0D-4F37-A16E-24AB79A87176}"
EndProject
Project("{9A19103F-16F7-4668-BE54-9A1E7A4F7556}") = "PZ_10", "PZ_10\PZ_10.csproj", "{B5D7D535-E1FC-49C7-8B20-9A2558196B14}"
EndProject
Project("{8BC9CEB8-8B4A-11D0-8D11-00A0C91BC942}") = "MathLibary", "MathLibary\MathLibary.vcxproj", "{D9A03B3D-E681-4BEC-892B-B90AB612C187}"
EndProject
Project("{8BC9CEB8-8B4A-11D0-8D11-00A0C91BC942}") = "PZ_12_main", "PZ_12_main\PZ_12_main.vcxproj", "{51726D41-3C55-4C8C-9899-7B6439CF0E62}"
EndProject
Project("{8BC9CEB8-8B4A-11D0-8D11-00A0C91BC942}") = "MathLib_PZ13", "MathLib_PZ13\MathLib_PZ13.vcxproj", "{05D22A45-ABD0-4793-95B3-D96F12496346}"
EndProject
Project("{8BC9CEB8-8B4A-11D0-8D11-00A0C91BC942}") = "PZ_13", "PZ_13\PZ_13.vcxproj", "{93802113-9DD1-4AA2-8397-022C73683478}"
EndProject
Project("{8BC9CEB8-8B4A-11D0-8D11-00A0C91BC942}") = "PZ_14", "PZ_14\PZ_14.vcxproj", "{B487EC2F-84F8-4B7D-94EC-7D84F0EABE1D}"
EndProject
Project("{8BC9CEB8-8B4A-11D0-8D11-00A0C91BC942}") = "PZ_15", "PZ_15\PZ_15.vcxproj", "{D9333E9F-8619-43BC-B31B-C3B7CE2059B2}"
EndProject
Project("{8BC9CEB8-8B4A-11D0-8D11-00A0C91BC942}") = "PZ_16", "PZ_16\PZ_16.vcxproj", "{6D925A7C-1697-442E-8422-EBE54660AF39}"
EndProject
Global
	GlobalSection(SolutionConfigurationPlatforms) = preSolution
		Debug|Any CPU = Debug|Any CPU
		Debug|ARM = Debug|ARM
		Debug|ARM64 = Debug|ARM64
		Debug|x64 = Debug|x64
		Debug|x86 = Debug|x86
		Release|Any CPU = Release|Any CPU
		Release|ARM = Release|ARM
		Release|ARM64 = Release|ARM64
		Release|x64 = Release|x64
		Release|x86 = Release|x86
	EndGlobalSection
	GlobalSection(ProjectConfigurationPlatforms) = postSolution
		{14ADC6EA-E13E-419C-AFB3-7C7CFEB8AE1B}.Debug|Any CPU.ActiveCfg = Debug|x64
		{14ADC6EA-E13E-419C-AFB3-7C7CFEB8AE1B}.Debug|Any CPU.Build.0 = Debug|x64
		{14ADC6EA-E13E-419C-AFB3-7C7CFEB8AE1B}.Debug|ARM.ActiveCfg = Debug|x64
		{14ADC6EA-E13E-419C-AFB3-7C7CFEB8AE1B}.Debug|ARM.Build.0 = Debug|x64
		{14ADC6EA-E13E-419C-AFB3-7C7CFEB8AE1B}.Debug|ARM64.ActiveCfg = Debug|x64
		{14ADC6EA-E13E-419C-AFB3-7C7CFEB8AE1B}.Debug|ARM64.Build.0 = Debug|x64
		{14ADC6EA-E13E-419C-AFB3-7C7CFEB8AE1B}.Debug|x64.ActiveCfg = Debug|x64
		{14ADC6EA-E13E-419C-AFB3-7C7CFEB8AE1B}.Debug|x64.Build.0 = Debug|x64
		{14ADC6EA-E13E-419C-AFB3-7C7CFEB8AE1B}.Debug|x86.ActiveCfg = Debug|Win32
		{14ADC6EA-E13E-419C-AFB3-7C7CFEB8AE1B}.Debug|x86.Build.0 = Debug|Win32
		{14ADC6EA-E13E-419C-AFB3-7C7CFEB8AE1B}.Release|Any CPU.ActiveCfg = Release|x64
		{14ADC6EA-E13E-419C-AFB3-7C7CFEB8AE1B}.Release|Any CPU.Build.0 = Release|x64
		{14ADC6EA-E13E-419C-AFB3-7C7CFEB8AE1B}.Release|ARM.ActiveCfg = Release|x64
		{14ADC6EA-E13E-419C-AFB3-7C7CFEB8AE1B}.Release|ARM.Build.0 = Release|x64
		{14ADC6EA-E13E-419C-AFB3-7C7CFEB8AE1B}.Release|ARM64.ActiveCfg = Release|x64
		{14ADC6EA-E13E-419C-AFB3-7C7CFEB8AE1B}.Release|ARM64.Build.0 = Release|x64
		{14ADC6EA-E13E-419C-AFB3-7C7CFEB8AE1B}.Release|x64.ActiveCfg = Release|x64
		{14ADC6EA-E13E-419C-AFB3-7C7CFEB8AE1B}.Release|x64.Build.0 = Release|x64
		{14ADC6EA-E13E-419C-AFB3-7C7CFEB8AE1B}.Release|x86.ActiveCfg = Release|Win32
		{14ADC6EA-E13E-419C-AFB3-7C7CFEB8AE1B}.Release|x86.Build.0 = Release|Win32
		{7379A11E-7186-4EFB-A149-8686BD8CCC31}.Debug|Any CPU.ActiveCfg = Debug|Any CPU
		{7379A11E-7186-4EFB-A149-8686BD8CCC31}.Debug|Any CPU.Build.0 = Debug|Any CPU
		{7379A11E-7186-4EFB-A149-8686BD8CCC31}.Debug|ARM.ActiveCfg = Debug|Any CPU
		{7379A11E-7186-4EFB-A149-8686BD8CCC31}.Debug|ARM.Build.0 = Debug|Any CPU
		{7379A11E-7186-4EFB-A149-8686BD8CCC31}.Debug|ARM64.ActiveCfg = Debug|Any CPU
		{7379A11E-7186-4EFB-A149-8686BD8CCC31}.Debug|ARM64.Build.0 = Debug|Any CPU
		{7379A11E-7186-4EFB-A149-8686BD8CCC31}.Debug|x64.ActiveCfg = Debug|Any CPU
		{7379A11E-7186-4EFB-A149-8686BD8CCC31}.Debug|x64.Build.0 = Debug|Any CPU
		{7379A11E-7186-4EFB-A149-8686BD8CCC31}.Debug|x86.ActiveCfg = Debug|Any CPU
		{7379A11E-7186-4EFB-A149-8686BD8CCC31}.Debug|x86.Build.0 = Debug|Any CPU
		{7379A11E-7186-4EFB-A149-8686BD8CCC31}.Release|Any CPU.ActiveCfg = Release|Any CPU
		{7379A11E-7186-4EFB-A149-8686BD8CCC31}.Release|Any CPU.Build.0 = Release|Any CPU
		{7379A11E-7186-4EFB-A149-8686BD8CCC31}.Release|ARM.ActiveCfg = Release|Any CPU
		{7379A11E-7186-4EFB-A149-8686BD8CCC31}.Release|ARM.Build.0 = Release|Any CPU
		{7379A11E-7186-4EFB-A149-8686BD8CCC31}.Release|ARM64.ActiveCfg = Release|Any CPU
		{7379A11E-7186-4EFB-A149-8686BD8CCC31}.Release|ARM64.Build.0 = Release|Any CPU
		{7379A11E-7186-4EFB-A149-8686BD8CCC31}.Release|x64.ActiveCfg = Release|Any CPU
		{7379A11E-7186-4EFB-A149-8686BD8CCC31}.Release|x64.Build.0 = Release|Any CPU
		{7379A11E-7186-4EFB-A149-8686BD8CCC31}.Release|x86.ActiveCfg = Release|Any CPU
		{7379A11E-7186-4EFB-A149-8686BD8CCC31}.Release|x86.Build.0 = Release|Any CPU
		{7BB87284-68E3-4423-9378-FD42DD443545}.Debug|Any CPU.ActiveCfg = Debug|Any CPU
		{7BB87284-68E3-4423-9378-FD42DD443545}.Debug|Any CPU.Build.0 = Debug|Any CPU
		{7BB87284-68E3-4423-9378-FD42DD443545}.Debug|ARM.ActiveCfg = Debug|Any CPU
		{7BB87284-68E3-4423-9378-FD42DD443545}.Debug|ARM.Build.0 = Debug|Any CPU
		{7BB87284-68E3-4423-9378-FD42DD443545}.Debug|ARM64.ActiveCfg = Debug|Any CPU
		{7BB87284-68E3-4423-9378-FD42DD443545}.Debug|ARM64.Build.0 = Debug|Any CPU
		{7BB87284-68E3-4423-9378-FD42DD443545}.Debug|x64.ActiveCfg = Debug|Any CPU
		{7BB87284-68E3-4423-9378-FD42DD443545}.Debug|x64.Build.0 = Debug|Any CPU
		{7BB87284-68E3-4423-9378-FD42DD443545}.Debug|x86.ActiveCfg = Debug|Any CPU
		{7BB87284-68E3-4423-9378-FD42DD443545}.Debug|x86.Build.0 = Debug|Any CPU
		{7BB87284-68E3-4423-9378-FD42DD443545}.Release|Any CPU.ActiveCfg = Release|Any CPU
		{7BB87284-68E3-4423-9378-FD42DD443545}.Release|Any CPU.Build.0 = Release|Any CPU
		{7BB87284-68E3-4423-9378-FD42DD443545}.Release|ARM.ActiveCfg = Release|Any CPU
		{7BB87284-68E3-4423-9378-FD42DD443545}.Release|ARM.Build.0 = Release|Any CPU
		{7BB87284-68E3-4423-9378-FD42DD443545}.Release|ARM64.ActiveCfg = Release|Any CPU
		{7BB87284-68E3-4423-9378-FD42DD443545}.Release|ARM64.Build.0 = Release|Any CPU
		{7BB87284-68E3-4423-9378-FD42DD443545}.Release|x64.ActiveCfg = Release|Any CPU
		{7BB87284-68E3-4423-9378-FD42DD443545}.Release|x64.Build.0 = Release|Any CPU
		{7BB87284-68E3-4423-9378-FD42DD443545}.Release|x86.ActiveCfg = Release|Any CPU
		{7BB87284-68E3-4423-9378-FD42DD443545}.Release|x86.Build.0 = Release|Any CPU
		{34A173B2-3C60-4DAE-A71E-808EF859CE1F}.Debug|Any CPU.ActiveCfg = Debug|Any CPU
		{34A173B2-3C60-4DAE-A71E-808EF859CE1F}.Debug|Any CPU.Build.0 = Debug|Any CPU
		{34A173B2-3C60-4DAE-A71E-808EF859CE1F}.Debug|ARM.ActiveCfg = Debug|Any CPU
		{34A173B2-3C60-4DAE-A71E-808EF859CE1F}.Debug|ARM.Build.0 = Debug|Any CPU
		{34A173B2-3C60-4DAE-A71E-808EF859CE1F}.Debug|ARM64.ActiveCfg = Debug|Any CPU
		{34A173B2-3C60-4DAE-A71E-808EF859CE1F}.Debug|ARM64.Build.0 = Debug|Any CPU
		{34A173B2-3C60-4DAE-A71E-808EF859CE1F}.Debug|x64.ActiveCfg = Debug|Any CPU
		{34A173B2-3C60-4DAE-A71E-808EF859CE1F}.Debug|x64.Build.0 = Debug|Any CPU
		{34A173B2-3C60-4DAE-A71E-808EF859CE1F}.Debug|x86.ActiveCfg = Debug|Any CPU
		{34A173B2-3C60-4DAE-A71E-808EF859CE1F}.Debug|x86.Build.0 = Debug|Any CPU
		{34A173B2-3C60-4DAE-A71E-808EF859CE1F}.Release|Any CPU.ActiveCfg = Release|Any CPU
		{34A173B2-3C60-4DAE-A71E-808EF859CE1F}.Release|Any CPU.Build.0 = Release|Any CPU
		{34A173B2-3C60-4DAE-A71E-808EF859CE1F}.Release|ARM.ActiveCfg = Release|Any CPU
		{34A173B2-3C60-4DAE-A71E-808EF859CE1F}.Release|ARM.Build.0 = Release|Any CPU
		{34A173B2-3C60-4DAE-A71E-808EF859CE1F}.Release|ARM64.ActiveCfg = Release|Any CPU
		{34A173B2-3C60-4DAE-A71E-808EF859CE1F}.Release|ARM64.Build.0 = Release|Any CPU
		{34A173B2-3C60-4DAE-A71E-808EF859CE1F}.Release|x64.ActiveCfg = Release|Any CPU
		{34A173B2-3C60-4DAE-A71E-808EF859CE1F}.Release|x64.Build.0 = Release|Any CPU
		{34A173B2-3C60-4DAE-A71E-808EF859CE1F}.Release|x86.ActiveCfg = Release|Any CPU
		{34A173B2-3C60-4DAE-A71E-808EF859CE1F}.Release|x86.Build.0 = Release|Any CPU
		{D7EDF933-0675-4D10-9DB4-BDA87D60C2BC}.Debug|Any CPU.ActiveCfg = Debug|Any CPU
		{D7EDF933-0675-4D10-9DB4-BDA87D60C2BC}.Debug|Any CPU.Build.0 = Debug|Any CPU
		{D7EDF933-0675-4D10-9DB4-BDA87D60C2BC}.Debug|ARM.ActiveCfg = Debug|Any CPU
		{D7EDF933-0675-4D10-9DB4-BDA87D60C2BC}.Debug|ARM.Build.0 = Debug|Any CPU
		{D7EDF933-0675-4D10-9DB4-BDA87D60C2BC}.Debug|ARM64.ActiveCfg = Debug|Any CPU
		{D7EDF933-0675-4D10-9DB4-BDA87D60C2BC}.Debug|ARM64.Build.0 = Debug|Any CPU
		{D7EDF933-0675-4D10-9DB4-BDA87D60C2BC}.Debug|x64.ActiveCfg = Debug|Any CPU
		{D7EDF933-0675-4D10-9DB4-BDA87D60C2BC}.Debug|x64.Build.0 = Debug|Any CPU
		{D7EDF933-0675-4D10-9DB4-BDA87D60C2BC}.Debug|x86.ActiveCfg = Debug|Any CPU
		{D7EDF933-0675-4D10-9DB4-BDA87D60C2BC}.Debug|x86.Build.0 = Debug|Any CPU
		{D7EDF933-0675-4D10-9DB4-BDA87D60C2BC}.Release|Any CPU.ActiveCfg = Release|Any CPU
		{D7EDF933-0675-4D10-9DB4-BDA87D60C2BC}.Release|Any CPU.Build.0 = Release|Any CPU
		{D7EDF933-0675-4D10-9DB4-BDA87D60C2BC}.Release|ARM.ActiveCfg = Release|Any CPU
		{D7EDF933-0675-4D10-9DB4-BDA87D60C2BC}.Release|ARM.Build.0 = Release|Any CPU
		{D7EDF933-0675-4D10-9DB4-BDA87D60C2BC}.Release|ARM64.ActiveCfg = Release|Any CPU
		{D7EDF933-0675-4D10-9DB4-BDA87D60C2BC}.Release|ARM64.Build.0 = Release|Any CPU
		{D7EDF933-0675-4D10-9DB4-BDA87D60C2BC}.Release|x64.ActiveCfg = Release|Any CPU
		{D7EDF933-0675-4D10-9DB4-BDA87D60C2BC}.Release|x64.Build.0 = Release|Any CPU
		{D7EDF933-0675-4D10-9DB4-BDA87D60C2BC}.Release|x86.ActiveCfg = Release|Any CPU
		{D7EDF933-0675-4D10-9DB4-BDA87D60C2BC}.Release|x86.Build.0 = Release|Any CPU
		{7EC7F8EB-6E9B-4416-A218-03307CF3E6A1}.Debug|Any CPU.ActiveCfg = Debug|x64
		{7EC7F8EB-6E9B-4416-A218-03307CF3E6A1}.Debug|Any CPU.Build.0 = Debug|x64
		{7EC7F8EB-6E9B-4416-A218-03307CF3E6A1}.Debug|Any CPU.Deploy.0 = Debug|x64
		{7EC7F8EB-6E9B-4416-A218-03307CF3E6A1}.Debug|ARM.ActiveCfg = Debug|ARM
		{7EC7F8EB-6E9B-4416-A218-03307CF3E6A1}.Debug|ARM.Build.0 = Debug|ARM
		{7EC7F8EB-6E9B-4416-A218-03307CF3E6A1}.Debug|ARM.Deploy.0 = Debug|ARM
		{7EC7F8EB-6E9B-4416-A218-03307CF3E6A1}.Debug|ARM64.ActiveCfg = Debug|ARM64
		{7EC7F8EB-6E9B-4416-A218-03307CF3E6A1}.Debug|ARM64.Build.0 = Debug|ARM64
		{7EC7F8EB-6E9B-4416-A218-03307CF3E6A1}.Debug|ARM64.Deploy.0 = Debug|ARM64
		{7EC7F8EB-6E9B-4416-A218-03307CF3E6A1}.Debug|x64.ActiveCfg = Debug|x64
		{7EC7F8EB-6E9B-4416-A218-03307CF3E6A1}.Debug|x64.Build.0 = Debug|x64
		{7EC7F8EB-6E9B-4416-A218-03307CF3E6A1}.Debug|x64.Deploy.0 = Debug|x64
		{7EC7F8EB-6E9B-4416-A218-03307CF3E6A1}.Debug|x86.ActiveCfg = Debug|x86
		{7EC7F8EB-6E9B-4416-A218-03307CF3E6A1}.Debug|x86.Build.0 = Debug|x86
		{7EC7F8EB-6E9B-4416-A218-03307CF3E6A1}.Debug|x86.Deploy.0 = Debug|x86
		{7EC7F8EB-6E9B-4416-A218-03307CF3E6A1}.Release|Any CPU.ActiveCfg = Release|x64
		{7EC7F8EB-6E9B-4416-A218-03307CF3E6A1}.Release|Any CPU.Build.0 = Release|x64
		{7EC7F8EB-6E9B-4416-A218-03307CF3E6A1}.Release|Any CPU.Deploy.0 = Release|x64
		{7EC7F8EB-6E9B-4416-A218-03307CF3E6A1}.Release|ARM.ActiveCfg = Release|ARM
		{7EC7F8EB-6E9B-4416-A218-03307CF3E6A1}.Release|ARM.Build.0 = Release|ARM
		{7EC7F8EB-6E9B-4416-A218-03307CF3E6A1}.Release|ARM.Deploy.0 = Release|ARM
		{7EC7F8EB-6E9B-4416-A218-03307CF3E6A1}.Release|ARM64.ActiveCfg = Release|ARM64
		{7EC7F8EB-6E9B-4416-A218-03307CF3E6A1}.Release|ARM64.Build.0 = Release|ARM64
		{7EC7F8EB-6E9B-4416-A218-03307CF3E6A1}.Release|ARM64.Deploy.0 = Release|ARM64
		{7EC7F8EB-6E9B-4416-A218-03307CF3E6A1}.Release|x64.ActiveCfg = Release|x64
		{7EC7F8EB-6E9B-4416-A218-03307CF3E6A1}.Release|x64.Build.0 = Release|x64
		{7EC7F8EB-6E9B-4416-A218-03307CF3E6A1}.Release|x64.Deploy.0 = Release|x64
		{7EC7F8EB-6E9B-4416-A218-03307CF3E6A1}.Release|x86.ActiveCfg = Release|x86
		{7EC7F8EB-6E9B-4416-A218-03307CF3E6A1}.Release|x86.Build.0 = Release|x86
		{7EC7F8EB-6E9B-4416-A218-03307CF3E6A1}.Release|x86.Deploy.0 = Release|x86
		{53F0C9F2-0056-4E86-90E3-0A4073000F5D}.Debug|Any CPU.ActiveCfg = Debug|Any CPU
		{53F0C9F2-0056-4E86-90E3-0A4073000F5D}.Debug|Any CPU.Build.0 = Debug|Any CPU
		{53F0C9F2-0056-4E86-90E3-0A4073000F5D}.Debug|ARM.ActiveCfg = Debug|Any CPU
		{53F0C9F2-0056-4E86-90E3-0A4073000F5D}.Debug|ARM.Build.0 = Debug|Any CPU
		{53F0C9F2-0056-4E86-90E3-0A4073000F5D}.Debug|ARM64.ActiveCfg = Debug|Any CPU
		{53F0C9F2-0056-4E86-90E3-0A4073000F5D}.Debug|ARM64.Build.0 = Debug|Any CPU
		{53F0C9F2-0056-4E86-90E3-0A4073000F5D}.Debug|x64.ActiveCfg = Debug|Any CPU
		{53F0C9F2-0056-4E86-90E3-0A4073000F5D}.Debug|x64.Build.0 = Debug|Any CPU
		{53F0C9F2-0056-4E86-90E3-0A4073000F5D}.Debug|x86.ActiveCfg = Debug|Any CPU
		{53F0C9F2-0056-4E86-90E3-0A4073000F5D}.Debug|x86.Build.0 = Debug|Any CPU
		{53F0C9F2-0056-4E86-90E3-0A4073000F5D}.Release|Any CPU.ActiveCfg = Release|Any CPU
		{53F0C9F2-0056-4E86-90E3-0A4073000F5D}.Release|Any CPU.Build.0 = Release|Any CPU
		{53F0C9F2-0056-4E86-90E3-0A4073000F5D}.Release|ARM.ActiveCfg = Release|Any CPU
		{53F0C9F2-0056-4E86-90E3-0A4073000F5D}.Release|ARM.Build.0 = Release|Any CPU
		{53F0C9F2-0056-4E86-90E3-0A4073000F5D}.Release|ARM64.ActiveCfg = Release|Any CPU
		{53F0C9F2-0056-4E86-90E3-0A4073000F5D}.Release|ARM64.Build.0 = Release|Any CPU
		{53F0C9F2-0056-4E86-90E3-0A4073000F5D}.Release|x64.ActiveCfg = Release|Any CPU
		{53F0C9F2-0056-4E86-90E3-0A4073000F5D}.Release|x64.Build.0 = Release|Any CPU
		{53F0C9F2-0056-4E86-90E3-0A4073000F5D}.Release|x86.ActiveCfg = Release|Any CPU
		{53F0C9F2-0056-4E86-90E3-0A4073000F5D}.Release|x86.Build.0 = Release|Any CPU
		{5DEFF8B4-135E-4715-B775-5365FF133BAA}.Debug|Any CPU.ActiveCfg = Debug|Any CPU
		{5DEFF8B4-135E-4715-B775-5365FF133BAA}.Debug|Any CPU.Build.0 = Debug|Any CPU
		{5DEFF8B4-135E-4715-B775-5365FF133BAA}.Debug|ARM.ActiveCfg = Debug|Any CPU
		{5DEFF8B4-135E-4715-B775-5365FF133BAA}.Debug|ARM.Build.0 = Debug|Any CPU
		{5DEFF8B4-135E-4715-B775-5365FF133BAA}.Debug|ARM64.ActiveCfg = Debug|Any CPU
		{5DEFF8B4-135E-4715-B775-5365FF133BAA}.Debug|ARM64.Build.0 = Debug|Any CPU
		{5DEFF8B4-135E-4715-B775-5365FF133BAA}.Debug|x64.ActiveCfg = Debug|Any CPU
		{5DEFF8B4-135E-4715-B775-5365FF133BAA}.Debug|x64.Build.0 = Debug|Any CPU
		{5DEFF8B4-135E-4715-B775-5365FF133BAA}.Debug|x86.ActiveCfg = Debug|Any CPU
		{5DEFF8B4-135E-4715-B775-5365FF133BAA}.Debug|x86.Build.0 = Debug|Any CPU
		{5DEFF8B4-135E-4715-B775-5365FF133BAA}.Release|Any CPU.ActiveCfg = Release|Any CPU
		{5DEFF8B4-135E-4715-B775-5365FF133BAA}.Release|Any CPU.Build.0 = Release|Any CPU
		{5DEFF8B4-135E-4715-B775-5365FF133BAA}.Release|ARM.ActiveCfg = Release|Any CPU
		{5DEFF8B4-135E-4715-B775-5365FF133BAA}.Release|ARM.Build.0 = Release|Any CPU
		{5DEFF8B4-135E-4715-B775-5365FF133BAA}.Release|ARM64.ActiveCfg = Release|Any CPU
		{5DEFF8B4-135E-4715-B775-5365FF133BAA}.Release|ARM64.Build.0 = Release|Any CPU
		{5DEFF8B4-135E-4715-B775-5365FF133BAA}.Release|x64.ActiveCfg = Release|Any CPU
		{5DEFF8B4-135E-4715-B775-5365FF133BAA}.Release|x64.Build.0 = Release|Any CPU
		{5DEFF8B4-135E-4715-B775-5365FF133BAA}.Release|x86.ActiveCfg = Release|Any CPU
		{5DEFF8B4-135E-4715-B775-5365FF133BAA}.Release|x86.Build.0 = Release|Any CPU
		{09F8D43C-AE0D-4F37-A16E-24AB79A87176}.Debug|Any CPU.ActiveCfg = Debug|Any CPU
		{09F8D43C-AE0D-4F37-A16E-24AB79A87176}.Debug|Any CPU.Build.0 = Debug|Any CPU
		{09F8D43C-AE0D-4F37-A16E-24AB79A87176}.Debug|ARM.ActiveCfg = Debug|Any CPU
		{09F8D43C-AE0D-4F37-A16E-24AB79A87176}.Debug|ARM.Build.0 = Debug|Any CPU
		{09F8D43C-AE0D-4F37-A16E-24AB79A87176}.Debug|ARM64.ActiveCfg = Debug|Any CPU
		{09F8D43C-AE0D-4F37-A16E-24AB79A87176}.Debug|ARM64.Build.0 = Debug|Any CPU
		{09F8D43C-AE0D-4F37-A16E-24AB79A87176}.Debug|x64.ActiveCfg = Debug|Any CPU
		{09F8D43C-AE0D-4F37-A16E-24AB79A87176}.Debug|x64.Build.0 = Debug|Any CPU
		{09F8D43C-AE0D-4F37-A16E-24AB79A87176}.Debug|x86.ActiveCfg = Debug|Any CPU
		{09F8D43C-AE0D-4F37-A16E-24AB79A87176}.Debug|x86.Build.0 = Debug|Any CPU
		{09F8D43C-AE0D-4F37-A16E-24AB79A87176}.Release|Any CPU.ActiveCfg = Release|Any CPU
		{09F8D43C-AE0D-4F37-A16E-24AB79A87176}.Release|Any CPU.Build.0 = Release|Any CPU
		{09F8D43C-AE0D-4F37-A16E-24AB79A87176}.Release|ARM.ActiveCfg = Release|Any CPU
		{09F8D43C-AE0D-4F37-A16E-24AB79A87176}.Release|ARM.Build.0 = Release|Any CPU
		{09F8D43C-AE0D-4F37-A16E-24AB79A87176}.Release|ARM64.ActiveCfg = Release|Any CPU
		{09F8D43C-AE0D-4F37-A16E-24AB79A87176}.Release|ARM64.Build.0 = Release|Any CPU
		{09F8D43C-AE0D-4F37-A16E-24AB79A87176}.Release|x64.ActiveCfg = Release|Any CPU
		{09F8D43C-AE0D-4F37-A16E-24AB79A87176}.Release|x64.Build.0 = Release|Any CPU
		{09F8D43C-AE0D-4F37-A16E-24AB79A87176}.Release|x86.ActiveCfg = Release|Any CPU
		{09F8D43C-AE0D-4F37-A16E-24AB79A87176}.Release|x86.Build.0 = Release|Any CPU
		{B5D7D535-E1FC-49C7-8B20-9A2558196B14}.Debug|Any CPU.ActiveCfg = Debug|Any CPU
		{B5D7D535-E1FC-49C7-8B20-9A2558196B14}.Debug|Any CPU.Build.0 = Debug|Any CPU
		{B5D7D535-E1FC-49C7-8B20-9A2558196B14}.Debug|ARM.ActiveCfg = Debug|Any CPU
		{B5D7D535-E1FC-49C7-8B20-9A2558196B14}.Debug|ARM.Build.0 = Debug|Any CPU
		{B5D7D535-E1FC-49C7-8B20-9A2558196B14}.Debug|ARM64.ActiveCfg = Debug|Any CPU
		{B5D7D535-E1FC-49C7-8B20-9A2558196B14}.Debug|ARM64.Build.0 = Debug|Any CPU
		{B5D7D535-E1FC-49C7-8B20-9A2558196B14}.Debug|x64.ActiveCfg = Debug|Any CPU
		{B5D7D535-E1FC-49C7-8B20-9A2558196B14}.Debug|x64.Build.0 = Debug|Any CPU
		{B5D7D535-E1FC-49C7-8B20-9A2558196B14}.Debug|x86.ActiveCfg = Debug|Any CPU
		{B5D7D535-E1FC-49C7-8B20-9A2558196B14}.Debug|x86.Build.0 = Debug|Any CPU
		{B5D7D535-E1FC-49C7-8B20-9A2558196B14}.Release|Any CPU.ActiveCfg = Release|Any CPU
		{B5D7D535-E1FC-49C7-8B20-9A2558196B14}.Release|Any CPU.Build.0 = Release|Any CPU
		{B5D7D535-E1FC-49C7-8B20-9A2558196B14}.Release|ARM.ActiveCfg = Release|Any CPU
		{B5D7D535-E1FC-49C7-8B20-9A2558196B14}.Release|ARM.Build.0 = Release|Any CPU
		{B5D7D535-E1FC-49C7-8B20-9A2558196B14}.Release|ARM64.ActiveCfg = Release|Any CPU
		{B5D7D535-E1FC-49C7-8B20-9A2558196B14}.Release|ARM64.Build.0 = Release|Any CPU
		{B5D7D535-E1FC-49C7-8B20-9A2558196B14}.Release|x64.ActiveCfg = Release|Any CPU
		{B5D7D535-E1FC-49C7-8B20-9A2558196B14}.Release|x64.Build.0 = Release|Any CPU
		{B5D7D535-E1FC-49C7-8B20-9A2558196B14}.Release|x86.ActiveCfg = Release|Any CPU
		{B5D7D535-E1FC-49C7-8B20-9A2558196B14}.Release|x86.Build.0 = Release|Any CPU
		{D9A03B3D-E681-4BEC-892B-B90AB612C187}.Debug|Any CPU.ActiveCfg = Debug|x64
		{D9A03B3D-E681-4BEC-892B-B90AB612C187}.Debug|Any CPU.Build.0 = Debug|x64
		{D9A03B3D-E681-4BEC-892B-B90AB612C187}.Debug|ARM.ActiveCfg = Debug|x64
		{D9A03B3D-E681-4BEC-892B-B90AB612C187}.Debug|ARM.Build.0 = Debug|x64
		{D9A03B3D-E681-4BEC-892B-B90AB612C187}.Debug|ARM64.ActiveCfg = Debug|x64
		{D9A03B3D-E681-4BEC-892B-B90AB612C187}.Debug|ARM64.Build.0 = Debug|x64
		{D9A03B3D-E681-4BEC-892B-B90AB612C187}.Debug|x64.ActiveCfg = Debug|x64
		{D9A03B3D-E681-4BEC-892B-B90AB612C187}.Debug|x64.Build.0 = Debug|x64
		{D9A03B3D-E681-4BEC-892B-B90AB612C187}.Debug|x86.ActiveCfg = Debug|Win32
		{D9A03B3D-E681-4BEC-892B-B90AB612C187}.Debug|x86.Build.0 = Debug|Win32
		{D9A03B3D-E681-4BEC-892B-B90AB612C187}.Release|Any CPU.ActiveCfg = Release|x64
		{D9A03B3D-E681-4BEC-892B-B90AB612C187}.Release|Any CPU.Build.0 = Release|x64
		{D9A03B3D-E681-4BEC-892B-B90AB612C187}.Release|ARM.ActiveCfg = Release|x64
		{D9A03B3D-E681-4BEC-892B-B90AB612C187}.Release|ARM.Build.0 = Release|x64
		{D9A03B3D-E681-4BEC-892B-B90AB612C187}.Release|ARM64.ActiveCfg = Release|x64
		{D9A03B3D-E681-4BEC-892B-B90AB612C187}.Release|ARM64.Build.0 = Release|x64
		{D9A03B3D-E681-4BEC-892B-B90AB612C187}.Release|x64.ActiveCfg = Release|x64
		{D9A03B3D-E681-4BEC-892B-B90AB612C187}.Release|x64.Build.0 = Release|x64
		{D9A03B3D-E681-4BEC-892B-B90AB612C187}.Release|x86.ActiveCfg = Release|Win32
		{D9A03B3D-E681-4BEC-892B-B90AB612C187}.Release|x86.Build.0 = Release|Win32
		{51726D41-3C55-4C8C-9899-7B6439CF0E62}.Debug|Any CPU.ActiveCfg = Debug|x64
		{51726D41-3C55-4C8C-9899-7B6439CF0E62}.Debug|Any CPU.Build.0 = Debug|x64
		{51726D41-3C55-4C8C-9899-7B6439CF0E62}.Debug|ARM.ActiveCfg = Debug|x64
		{51726D41-3C55-4C8C-9899-7B6439CF0E62}.Debug|ARM.Build.0 = Debug|x64
		{51726D41-3C55-4C8C-9899-7B6439CF0E62}.Debug|ARM64.ActiveCfg = Debug|x64
		{51726D41-3C55-4C8C-9899-7B6439CF0E62}.Debug|ARM64.Build.0 = Debug|x64
		{51726D41-3C55-4C8C-9899-7B6439CF0E62}.Debug|x64.ActiveCfg = Debug|x64
		{51726D41-3C55-4C8C-9899-7B6439CF0E62}.Debug|x64.Build.0 = Debug|x64
		{51726D41-3C55-4C8C-9899-7B6439CF0E62}.Debug|x86.ActiveCfg = Debug|Win32
		{51726D41-3C55-4C8C-9899-7B6439CF0E62}.Debug|x86.Build.0 = Debug|Win32
		{51726D41-3C55-4C8C-9899-7B6439CF0E62}.Release|Any CPU.ActiveCfg = Release|x64
		{51726D41-3C55-4C8C-9899-7B6439CF0E62}.Release|Any CPU.Build.0 = Release|x64
		{51726D41-3C55-4C8C-9899-7B6439CF0E62}.Release|ARM.ActiveCfg = Release|x64
		{51726D41-3C55-4C8C-9899-7B6439CF0E62}.Release|ARM.Build.0 = Release|x64
		{51726D41-3C55-4C8C-9899-7B6439CF0E62}.Release|ARM64.ActiveCfg = Release|x64
		{51726D41-3C55-4C8C-9899-7B6439CF0E62}.Release|ARM64.Build.0 = Release|x64
		{51726D41-3C55-4C8C-9899-7B6439CF0E62}.Release|x64.ActiveCfg = Release|x64
		{51726D41-3C55-4C8C-9899-7B6439CF0E62}.Release|x64.Build.0 = Release|x64
		{51726D41-3C55-4C8C-9899-7B6439CF0E62}.Release|x86.ActiveCfg = Release|Win32
		{51726D41-3C55-4C8C-9899-7B6439CF0E62}.Release|x86.Build.0 = Release|Win32
		{05D22A45-ABD0-4793-95B3-D96F12496346}.Debug|Any CPU.ActiveCfg = Debug|x64
		{05D22A45-ABD0-4793-95B3-D96F12496346}.Debug|Any CPU.Build.0 = Debug|x64
		{05D22A45-ABD0-4793-95B3-D96F12496346}.Debug|ARM.ActiveCfg = Debug|x64
		{05D22A45-ABD0-4793-95B3-D96F12496346}.Debug|ARM.Build.0 = Debug|x64
		{05D22A45-ABD0-4793-95B3-D96F12496346}.Debug|ARM64.ActiveCfg = Debug|x64
		{05D22A45-ABD0-4793-95B3-D96F12496346}.Debug|ARM64.Build.0 = Debug|x64
		{05D22A45-ABD0-4793-95B3-D96F12496346}.Debug|x64.ActiveCfg = Debug|x64
		{05D22A45-ABD0-4793-95B3-D96F12496346}.Debug|x64.Build.0 = Debug|x64
		{05D22A45-ABD0-4793-95B3-D96F12496346}.Debug|x86.ActiveCfg = Debug|Win32
		{05D22A45-ABD0-4793-95B3-D96F12496346}.Debug|x86.Build.0 = Debug|Win32
		{05D22A45-ABD0-4793-95B3-D96F12496346}.Release|Any CPU.ActiveCfg = Release|x64
		{05D22A45-ABD0-4793-95B3-D96F12496346}.Release|Any CPU.Build.0 = Release|x64
		{05D22A45-ABD0-4793-95B3-D96F12496346}.Release|ARM.ActiveCfg = Release|x64
		{05D22A45-ABD0-4793-95B3-D96F12496346}.Release|ARM.Build.0 = Release|x64
		{05D22A45-ABD0-4793-95B3-D96F12496346}.Release|ARM64.ActiveCfg = Release|x64
		{05D22A45-ABD0-4793-95B3-D96F12496346}.Release|ARM64.Build.0 = Release|x64
		{05D22A45-ABD0-4793-95B3-D96F12496346}.Release|x64.ActiveCfg = Release|x64
		{05D22A45-ABD0-4793-95B3-D96F12496346}.Release|x64.Build.0 = Release|x64
		{05D22A45-ABD0-4793-95B3-D96F12496346}.Release|x86.ActiveCfg = Release|Win32
		{05D22A45-ABD0-4793-95B3-D96F12496346}.Release|x86.Build.0 = Release|Win32
		{93802113-9DD1-4AA2-8397-022C73683478}.Debug|Any CPU.ActiveCfg = Debug|x64
		{93802113-9DD1-4AA2-8397-022C73683478}.Debug|Any CPU.Build.0 = Debug|x64
		{93802113-9DD1-4AA2-8397-022C73683478}.Debug|ARM.ActiveCfg = Debug|x64
		{93802113-9DD1-4AA2-8397-022C73683478}.Debug|ARM.Build.0 = Debug|x64
		{93802113-9DD1-4AA2-8397-022C73683478}.Debug|ARM64.ActiveCfg = Debug|x64
		{93802113-9DD1-4AA2-8397-022C73683478}.Debug|ARM64.Build.0 = Debug|x64
		{93802113-9DD1-4AA2-8397-022C73683478}.Debug|x64.ActiveCfg = Debug|x64
		{93802113-9DD1-4AA2-8397-022C73683478}.Debug|x64.Build.0 = Debug|x64
		{93802113-9DD1-4AA2-8397-022C73683478}.Debug|x86.ActiveCfg = Debug|Win32
		{93802113-9DD1-4AA2-8397-022C73683478}.Debug|x86.Build.0 = Debug|Win32
		{93802113-9DD1-4AA2-8397-022C73683478}.Release|Any CPU.ActiveCfg = Release|x64
		{93802113-9DD1-4AA2-8397-022C73683478}.Release|Any CPU.Build.0 = Release|x64
		{93802113-9DD1-4AA2-8397-022C73683478}.Release|ARM.ActiveCfg = Release|x64
		{93802113-9DD1-4AA2-8397-022C73683478}.Release|ARM.Build.0 = Release|x64
		{93802113-9DD1-4AA2-8397-022C73683478}.Release|ARM64.ActiveCfg = Release|x64
		{93802113-9DD1-4AA2-8397-022C73683478}.Release|ARM64.Build.0 = Release|x64
		{93802113-9DD1-4AA2-8397-022C73683478}.Release|x64.ActiveCfg = Release|x64
		{93802113-9DD1-4AA2-8397-022C73683478}.Release|x64.Build.0 = Release|x64
		{93802113-9DD1-4AA2-8397-022C73683478}.Release|x86.ActiveCfg = Release|Win32
		{93802113-9DD1-4AA2-8397-022C73683478}.Release|x86.Build.0 = Release|Win32
		{B487EC2F-84F8-4B7D-94EC-7D84F0EABE1D}.Debug|Any CPU.ActiveCfg = Debug|x64
		{B487EC2F-84F8-4B7D-94EC-7D84F0EABE1D}.Debug|Any CPU.Build.0 = Debug|x64
		{B487EC2F-84F8-4B7D-94EC-7D84F0EABE1D}.Debug|ARM.ActiveCfg = Debug|x64
		{B487EC2F-84F8-4B7D-94EC-7D84F0EABE1D}.Debug|ARM.Build.0 = Debug|x64
		{B487EC2F-84F8-4B7D-94EC-7D84F0EABE1D}.Debug|ARM64.ActiveCfg = Debug|x64
		{B487EC2F-84F8-4B7D-94EC-7D84F0EABE1D}.Debug|ARM64.Build.0 = Debug|x64
		{B487EC2F-84F8-4B7D-94EC-7D84F0EABE1D}.Debug|x64.ActiveCfg = Debug|x64
		{B487EC2F-84F8-4B7D-94EC-7D84F0EABE1D}.Debug|x64.Build.0 = Debug|x64
		{B487EC2F-84F8-4B7D-94EC-7D84F0EABE1D}.Debug|x86.ActiveCfg = Debug|Win32
		{B487EC2F-84F8-4B7D-94EC-7D84F0EABE1D}.Debug|x86.Build.0 = Debug|Win32
		{B487EC2F-84F8-4B7D-94EC-7D84F0EABE1D}.Release|Any CPU.ActiveCfg = Release|x64
		{B487EC2F-84F8-4B7D-94EC-7D84F0EABE1D}.Release|Any CPU.Build.0 = Release|x64
		{B487EC2F-84F8-4B7D-94EC-7D84F0EABE1D}.Release|ARM.ActiveCfg = Release|x64
		{B487EC2F-84F8-4B7D-94EC-7D84F0EABE1D}.Release|ARM.Build.0 = Release|x64
		{B487EC2F-84F8-4B7D-94EC-7D84F0EABE1D}.Release|ARM64.ActiveCfg = Release|x64
		{B487EC2F-84F8-4B7D-94EC-7D84F0EABE1D}.Release|ARM64.Build.0 = Release|x64
		{B487EC2F-84F8-4B7D-94EC-7D84F0EABE1D}.Release|x64.ActiveCfg = Release|x64
		{B487EC2F-84F8-4B7D-94EC-7D84F0EABE1D}.Release|x64.Build.0 = Release|x64
		{B487EC2F-84F8-4B7D-94EC-7D84F0EABE1D}.Release|x86.ActiveCfg = Release|Win32
		{B487EC2F-84F8-4B7D-94EC-7D84F0EABE1D}.Release|x86.Build.0 = Release|Win32
		{D9333E9F-8619-43BC-B31B-C3B7CE2059B2}.Debug|Any CPU.ActiveCfg = Debug|x64
		{D9333E9F-8619-43BC-B31B-C3B7CE2059B2}.Debug|Any CPU.Build.0 = Debug|x64
		{D9333E9F-8619-43BC-B31B-C3B7CE2059B2}.Debug|ARM.ActiveCfg = Debug|x64
		{D9333E9F-8619-43BC-B31B-C3B7CE2059B2}.Debug|ARM.Build.0 = Debug|x64
		{D9333E9F-8619-43BC-B31B-C3B7CE2059B2}.Debug|ARM64.ActiveCfg = Debug|x64
		{D9333E9F-8619-43BC-B31B-C3B7CE2059B2}.Debug|ARM64.Build.0 = Debug|x64
		{D9333E9F-8619-43BC-B31B-C3B7CE2059B2}.Debug|x64.ActiveCfg = Debug|x64
		{D9333E9F-8619-43BC-B31B-C3B7CE2059B2}.Debug|x64.Build.0 = Debug|x64
		{D9333E9F-8619-43BC-B31B-C3B7CE2059B2}.Debug|x86.ActiveCfg = Debug|Win32
		{D9333E9F-8619-43BC-B31B-C3B7CE2059B2}.Debug|x86.Build.0 = Debug|Win32
		{D9333E9F-8619-43BC-B31B-C3B7CE2059B2}.Release|Any CPU.ActiveCfg = Release|x64
		{D9333E9F-8619-43BC-B31B-C3B7CE2059B2}.Release|Any CPU.Build.0 = Release|x64
		{D9333E9F-8619-43BC-B31B-C3B7CE2059B2}.Release|ARM.ActiveCfg = Release|x64
		{D9333E9F-8619-43BC-B31B-C3B7CE2059B2}.Release|ARM.Build.0 = Release|x64
		{D9333E9F-8619-43BC-B31B-C3B7CE2059B2}.Release|ARM64.ActiveCfg = Release|x64
		{D9333E9F-8619-43BC-B31B-C3B7CE2059B2}.Release|ARM64.Build.0 = Release|x64
		{D9333E9F-8619-43BC-B31B-C3B7CE2059B2}.Release|x64.ActiveCfg = Release|x64
		{D9333E9F-8619-43BC-B31B-C3B7CE2059B2}.Release|x64.Build.0 = Release|x64
		{D9333E9F-8619-43BC-B31B-C3B7CE2059B2}.Release|x86.ActiveCfg = Release|Win32
		{D9333E9F-8619-43BC-B31B-C3B7CE2059B2}.Release|x86.Build.0 = Release|Win32
		{6D925A7C-1697-442E-8422-EBE54660AF39}.Debug|Any CPU.ActiveCfg = Debug|x64
		{6D925A7C-1697-442E-8422-EBE54660AF39}.Debug|Any CPU.Build.0 = Debug|x64
		{6D925A7C-1697-442E-8422-EBE54660AF39}.Debug|ARM.ActiveCfg = Debug|x64
		{6D925A7C-1697-442E-8422-EBE54660AF39}.Debug|ARM.Build.0 = Debug|x64
		{6D925A7C-1697-442E-8422-EBE54660AF39}.Debug|ARM64.ActiveCfg = Debug|x64
		{6D925A7C-1697-442E-8422-EBE54660AF39}.Debug|ARM64.Build.0 = Debug|x64
		{6D925A7C-1697-442E-8422-EBE54660AF39}.Debug|x64.ActiveCfg = Debug|x64
		{6D925A7C-1697-442E-8422-EBE54660AF39}.Debug|x64.Build.0 = Debug|x64
		{6D925A7C-1697-442E-8422-EBE54660AF39}.Debug|x86.ActiveCfg = Debug|Win32
		{6D925A7C-1697-442E-8422-EBE54660AF39}.Debug|x86.Build.0 = Debug|Win32
		{6D925A7C-1697-442E-8422-EBE54660AF39}.Release|Any CPU.ActiveCfg = Release|x64
		{6D925A7C-1697-442E-8422-EBE54660AF39}.Release|Any CPU.Build.0 = Release|x64
		{6D925A7C-1697-442E-8422-EBE54660AF39}.Release|ARM.ActiveCfg = Release|x64
		{6D925A7C-1697-442E-8422-EBE54660AF39}.Release|ARM.Build.0 = Release|x64
		{6D925A7C-1697-442E-8422-EBE54660AF39}.Release|ARM64.ActiveCfg = Release|x64
		{6D925A7C-1697-442E-8422-EBE54660AF39}.Release|ARM64.Build.0 = Release|x64
		{6D925A7C-1697-442E-8422-EBE54660AF39}.Release|x64.ActiveCfg = Release|x64
		{6D925A7C-1697-442E-8422-EBE54660AF39}.Release|x64.Build.0 = Release|x64
		{6D925A7C-1697-442E-8422-EBE54660AF39}.Release|x86.ActiveCfg = Release|Win32
		{6D925A7C-1697-442E-8422-EBE54660AF39}.Release|x86.Build.0 = Release|Win32
	EndGlobalSection
	GlobalSection(SolutionProperties) = preSolution
		HideSolutionNode = FALSE
	EndGlobalSection
	GlobalSection(ExtensibilityGlobals) = postSolution
		SolutionGuid = {560C38F0-A873-417F-BEAD-B73AC048482E}
	EndGlobalSection
EndGlobal
